<Solution>
  <Folder Name="/src/">
    <Project Path="src/Bit2sky.API/Bit2sky.API.csproj" />
    <Project Path="src/Bit2sky.Application/Bit2sky.Application.csproj" />
    <Project Path="src/Bit2sky.Domain/Bit2sky.Domain.csproj" />
    <Project Path="src/Bit2sky.Infrastructure/Bit2sky.Infrastructure.csproj" />
    <Project Path="src/Bit2sky.Shared/Bit2sky.Shared.csproj" />
  </Folder>
  <Folder Name="/tests/">
    <Project Path="tests/Bit2sky.IntegrationTests/Bit2sky.IntegrationTests.csproj" />
    <Project Path="tests/Bit2sky.UnitTests/Bit2sky.UnitTests.csproj" />
  </Folder>
</Solution>
